
Microsoft Visual Studio Solution File, Format Version 12.00
# Visual Studio 15
VisualStudioVersion = 15.0.28307.106
MinimumVisualStudioVersion = 10.0.40219.1
Project("{FAE04EC0-301F-11D3-BF4B-00C04F79EFBC}") = "WpfApp1", "WpfApp1\WpfApp1.csproj", "{7B3DD418-11EA-4A36-A9D1-B9752BEDC949}"
EndProject
Global
	GlobalSection(SolutionConfigurationPlatforms) = preSolution
		Debug|Any CPU = Debug|Any CPU
		Release|Any CPU = Release|Any CPU
	EndGlobalSection
	GlobalSection(ProjectConfigurationPlatforms) = postSolution
		{7B3DD418-11EA-4A36-A9D1-B9752BEDC949}.Debug|Any CPU.ActiveCfg = Debug|Any CPU
		{7B3DD418-11EA-4A36-A9D1-B9752BEDC949}.Debug|Any CPU.Build.0 = Debug|Any CPU
		{7B3DD418-11EA-4A36-A9D1-B9752BEDC949}.Release|Any CPU.ActiveCfg = Release|Any CPU
		{7B3DD418-11EA-4A36-A9D1-B9752BEDC949}.Release|Any CPU.Build.0 = Release|Any CPU
	EndGlobalSection
	GlobalSection(SolutionProperties) = preSolution
		HideSolutionNode = FALSE
	EndGlobalSection
	GlobalSection(ExtensibilityGlobals) = postSolution
		SolutionGuid = {BB76581C-8A17-4E35-8BA6-634D0F9C5255}
	EndGlobalSection
EndGlobal
